# This file is automatically @generated by Poetry 1.7.0 and should not be changed by hand.

[[package]]
name = "lanelet2"
version = "1.2.1"
description = "Map handling framework for automated driving."
optional = false
python-versions = "*"
files = [
    {file = "lanelet2-1.2.1-cp310-cp310-manylinux_2_31_x86_64.whl", hash = "sha256:2ed515c4e0fdfb341f1858d1ca4fa64829c9c6d440fd323acc9420b914ea0621"},
    {file = "lanelet2-1.2.1-cp311-cp311-manylinux_2_31_x86_64.whl", hash = "sha256:c06bfca859b1454da9799f33091a3e1cb72ee195fb893dd2b30f9ca733e35381"},
    {file = "lanelet2-1.2.1-cp38-cp38-manylinux_2_27_x86_64.whl", hash = "sha256:6b1647511e512ae588edeb1607f14f098bae3163d4fe215930b9f3ccd8e85c9a"},
    {file = "lanelet2-1.2.1-cp39-cp39-manylinux_2_27_x86_64.whl", hash = "sha256:7658f5e0254652f70b70c76af2a1d837a4a645a0675525fb4485d2cd8e15a627"},
]

[metadata]
lock-version = "2.0"
python-versions = "^3.10"
content-hash = "af16b318bc2a90d14f1d1383c11d0ad5c21fabc30fb0c55e0ec012f7d76ecfa5"
