# This file is automatically @generated by Poetry 1.7.0 and should not be changed by hand.

[[package]]
name = "lanelet2"
version = "1.2.1"
description = "Map handling framework for automated driving."
optional = false
python-versions = "*"
files = [
    {file = "lanelet2-1.2.1-cp310-cp310-manylinux_2_31_x86_64.whl", hash = "sha256:2ed515c4e0fdfb341f1858d1ca4fa64829c9c6d440fd323acc9420b914ea0621"},
    {file = "lanelet2-1.2.1-cp311-cp311-manylinux_2_31_x86_64.whl", hash = "sha256:c06bfca859b1454da9799f33091a3e1cb72ee195fb893dd2b30f9ca733e35381"},
    {file = "lanelet2-1.2.1-cp38-cp38-manylinux_2_27_x86_64.whl", hash = "sha256:6b1647511e512ae588edeb1607f14f098bae3163d4fe215930b9f3ccd8e85c9a"},
    {file = "lanelet2-1.2.1-cp39-cp39-manylinux_2_27_x86_64.whl", hash = "sha256:7658f5e0254652f70b70c76af2a1d837a4a645a0675525fb4485d2cd8e15a627"},
]

[[package]]
name = "protobuf"
version = "4.25.0"
description = ""
optional = false
python-versions = ">=3.8"
files = [
    {file = "protobuf-4.25.0-cp310-abi3-win32.whl", hash = "sha256:5c1203ac9f50e4853b0a0bfffd32c67118ef552a33942982eeab543f5c634395"},
    {file = "protobuf-4.25.0-cp310-abi3-win_amd64.whl", hash = "sha256:c40ff8f00aa737938c5378d461637d15c442a12275a81019cc2fef06d81c9419"},
    {file = "protobuf-4.25.0-cp37-abi3-macosx_10_9_universal2.whl", hash = "sha256:cf21faba64cd2c9a3ed92b7a67f226296b10159dbb8fbc5e854fc90657d908e4"},
    {file = "protobuf-4.25.0-cp37-abi3-manylinux2014_aarch64.whl", hash = "sha256:32ac2100b0e23412413d948c03060184d34a7c50b3e5d7524ee96ac2b10acf51"},
    {file = "protobuf-4.25.0-cp37-abi3-manylinux2014_x86_64.whl", hash = "sha256:683dc44c61f2620b32ce4927de2108f3ebe8ccf2fd716e1e684e5a50da154054"},
    {file = "protobuf-4.25.0-cp38-cp38-win32.whl", hash = "sha256:1a3ba712877e6d37013cdc3476040ea1e313a6c2e1580836a94f76b3c176d575"},
    {file = "protobuf-4.25.0-cp38-cp38-win_amd64.whl", hash = "sha256:b2cf8b5d381f9378afe84618288b239e75665fe58d0f3fd5db400959274296e9"},
    {file = "protobuf-4.25.0-cp39-cp39-win32.whl", hash = "sha256:63714e79b761a37048c9701a37438aa29945cd2417a97076048232c1df07b701"},
    {file = "protobuf-4.25.0-cp39-cp39-win_amd64.whl", hash = "sha256:d94a33db8b7ddbd0af7c467475fb9fde0c705fb315a8433c0e2020942b863a1f"},
    {file = "protobuf-4.25.0-py3-none-any.whl", hash = "sha256:1a53d6f64b00eecf53b65ff4a8c23dc95df1fa1e97bb06b8122e5a64f49fc90a"},
    {file = "protobuf-4.25.0.tar.gz", hash = "sha256:68f7caf0d4f012fd194a301420cf6aa258366144d814f358c5b32558228afa7c"},
]

[metadata]
lock-version = "2.0"
python-versions = "^3.10"
content-hash = "fe7399de7b882379ab726a3ad050ba2c11050e0f3e7fe8fe1eb7eac415a1dfa7"
